
Microsoft Visual Studio Solution File, Format Version 12.00
# Visual Studio Version 17
VisualStudioVersion = 17.14.36202.13 d17.14
MinimumVisualStudioVersion = 10.0.40219.1
Project("{FAE04EC0-301F-11D3-BF4B-00C04F79EFBC}") = "ApiMedicalOffice", "ApiMedicalOffice.csproj", "{0DA71702-5C9D-AEAE-C111-7943E902CFE8}"
EndProject
Global
	GlobalSection(SolutionConfigurationPlatforms) = preSolution
		Debug|Any CPU = Debug|Any CPU
		Release|Any CPU = Release|Any CPU
	EndGlobalSection
	GlobalSection(ProjectConfigurationPlatforms) = postSolution
		{0DA71702-5C9D-AEAE-C111-7943E902CFE8}.Debug|Any CPU.ActiveCfg = Debug|Any CPU
		{0DA71702-5C9D-AEAE-C111-7943E902CFE8}.Debug|Any CPU.Build.0 = Debug|Any CPU
		{0DA71702-5C9D-AEAE-C111-7943E902CFE8}.Release|Any CPU.ActiveCfg = Release|Any CPU
		{0DA71702-5C9D-AEAE-C111-7943E902CFE8}.Release|Any CPU.Build.0 = Release|Any CPU
	EndGlobalSection
	GlobalSection(SolutionProperties) = preSolution
		HideSolutionNode = FALSE
	EndGlobalSection
	GlobalSection(ExtensibilityGlobals) = postSolution
		SolutionGuid = {83566511-2674-459B-BDA7-7C7386ECB38C}
	EndGlobalSection
EndGlobal
